
Microsoft Visual Studio Solution File, Format Version 12.00
# Visual Studio 15
VisualStudioVersion = 15.0.27703.2042
MinimumVisualStudioVersion = 10.0.40219.1
Project("{FAE04EC0-301F-11D3-BF4B-00C04F79EFBC}") = "TrashCollector", "TrashCollector\TrashCollector.csproj", "{091E32D9-89B3-48E9-BDC0-0A91405017DE}"
EndProject
Global
	GlobalSection(SolutionConfigurationPlatforms) = preSolution
		Debug|Any CPU = Debug|Any CPU
		Release|Any CPU = Release|Any CPU
	EndGlobalSection
	GlobalSection(ProjectConfigurationPlatforms) = postSolution
		{091E32D9-89B3-48E9-BDC0-0A91405017DE}.Debug|Any CPU.ActiveCfg = Debug|Any CPU
		{091E32D9-89B3-48E9-BDC0-0A91405017DE}.Debug|Any CPU.Build.0 = Debug|Any CPU
		{091E32D9-89B3-48E9-BDC0-0A91405017DE}.Release|Any CPU.ActiveCfg = Release|Any CPU
		{091E32D9-89B3-48E9-BDC0-0A91405017DE}.Release|Any CPU.Build.0 = Release|Any CPU
	EndGlobalSection
	GlobalSection(SolutionProperties) = preSolution
		HideSolutionNode = FALSE
	EndGlobalSection
	GlobalSection(ExtensibilityGlobals) = postSolution
		SolutionGuid = {3F556FDA-60C7-4BF0-AED8-9B0A58CB828F}
	EndGlobalSection
EndGlobal
